// !$*UTF8*$!
{
	archiveVersion = 1;
	classes = {
	};
	objectVersion = 46;
	objects = {

/* Begin PBXBuildFile section */
		2071D2FC18E27DE300B3C849 /* Foundation.framework in Frameworks */ = {isa = PBXBuildFile; fileRef = 2071D2FB18E27DE300B3C849 /* Foundation.framework */; };
		2071D2FE18E27DE300B3C849 /* CoreGraphics.framework in Frameworks */ = {isa = PBXBuildFile; fileRef = 2071D2FD18E27DE300B3C849 /* CoreGraphics.framework */; };
		2071D30018E27DE300B3C849 /* UIKit.framework in Frameworks */ = {isa = PBXBuildFile; fileRef = 2071D2FF18E27DE300B3C849 /* UIKit.framework */; };
		2071D30218E27DE300B3C849 /* SpriteKit.framework in Frameworks */ = {isa = PBXBuildFile; fileRef = 2071D30118E27DE300B3C849 /* SpriteKit.framework */; };
		2071D30818E27DE300B3C849 /* InfoPlist.strings in Resources */ = {isa = PBXBuildFile; fileRef = 2071D30618E27DE300B3C849 /* InfoPlist.strings */; };
		2071D30A18E27DE300B3C849 /* main.m in Sources */ = {isa = PBXBuildFile; fileRef = 2071D30918E27DE300B3C849 /* main.m */; };
		2071D30E18E27DE300B3C849 /* dmkAppDelegate.m in Sources */ = {isa = PBXBuildFile; fileRef = 2071D30D18E27DE300B3C849 /* dmkAppDelegate.m */; };
		2071D31118E27DE300B3C849 /* Main.storyboard in Resources */ = {isa = PBXBuildFile; fileRef = 2071D30F18E27DE300B3C849 /* Main.storyboard */; };
		2071D31418E27DE300B3C849 /* dmkViewController.m in Sources */ = {isa = PBXBuildFile; fileRef = 2071D31318E27DE300B3C849 /* dmkViewController.m */; };
		2071D31718E27DE300B3C849 /* dmkMyScene.m in Sources */ = {isa = PBXBuildFile; fileRef = 2071D31618E27DE300B3C849 /* dmkMyScene.m */; };
		2071D31918E27DE300B3C849 /* Spaceship.png in Resources */ = {isa = PBXBuildFile; fileRef = 2071D31818E27DE300B3C849 /* Spaceship.png */; };
		2071D31B18E27DE300B3C849 /* Images.xcassets in Resources */ = {isa = PBXBuildFile; fileRef = 2071D31A18E27DE300B3C849 /* Images.xcassets */; };
		2071D32218E27DE300B3C849 /* XCTest.framework in Frameworks */ = {isa = PBXBuildFile; fileRef = 2071D32118E27DE300B3C849 /* XCTest.framework */; };
		2071D32318E27DE300B3C849 /* Foundation.framework in Frameworks */ = {isa = PBXBuildFile; fileRef = 2071D2FB18E27DE300B3C849 /* Foundation.framework */; };
		2071D32418E27DE300B3C849 /* UIKit.framework in Frameworks */ = {isa = PBXBuildFile; fileRef = 2071D2FF18E27DE300B3C849 /* UIKit.framework */; };
		2071D32C18E27DE300B3C849 /* InfoPlist.strings in Resources */ = {isa = PBXBuildFile; fileRef = 2071D32A18E27DE300B3C849 /* InfoPlist.strings */; };
		2071D32E18E27DE300B3C849 /* GrassyCowTests.m in Sources */ = {isa = PBXBuildFile; fileRef = 2071D32D18E27DE300B3C849 /* GrassyCowTests.m */; };
/* End PBXBuildFile section */

/* Begin PBXContainerItemProxy section */
		2071D32518E27DE300B3C849 /* PBXContainerItemProxy */ = {
			isa = PBXContainerItemProxy;
			containerPortal = 2071D2F018E27DE300B3C849 /* Project object */;
			proxyType = 1;
			remoteGlobalIDString = 2071D2F718E27DE300B3C849;
			remoteInfo = GrassyCow;
		};
/* End PBXContainerItemProxy section */

/* Begin PBXFileReference section */
		2071D2F818E27DE300B3C849 /* GrassyCow.app */ = {isa = PBXFileReference; explicitFileType = wrapper.application; includeInIndex = 0; path = GrassyCow.app; sourceTree = BUILT_PRODUCTS_DIR; };
		2071D2FB18E27DE300B3C849 /* Foundation.framework */ = {isa = PBXFileReference; lastKnownFileType = wrapper.framework; name = Foundation.framework; path = System/Library/Frameworks/Foundation.framework; sourceTree = SDKROOT; };
		2071D2FD18E27DE300B3C849 /* CoreGraphics.framework */ = {isa = PBXFileReference; lastKnownFileType = wrapper.framework; name = CoreGraphics.framework; path = System/Library/Frameworks/CoreGraphics.framework; sourceTree = SDKROOT; };
		2071D2FF18E27DE300B3C849 /* UIKit.framework */ = {isa = PBXFileReference; lastKnownFileType = wrapper.framework; name = UIKit.framework; path = System/Library/Frameworks/UIKit.framework; sourceTree = SDKROOT; };
		2071D30118E27DE300B3C849 /* SpriteKit.framework */ = {isa = PBXFileReference; lastKnownFileType = wrapper.framework; name = SpriteKit.framework; path = System/Library/Frameworks/SpriteKit.framework; sourceTree = SDKROOT; };
		2071D30518E27DE300B3C849 /* GrassyCow-Info.plist */ = {isa = PBXFileReference; lastKnownFileType = text.plist.xml; path = "GrassyCow-Info.plist"; sourceTree = "<group>"; };
		2071D30718E27DE300B3C849 /* en */ = {isa = PBXFileReference; lastKnownFileType = text.plist.strings; name = en; path = en.lproj/InfoPlist.strings; sourceTree = "<group>"; };
		2071D30918E27DE300B3C849 /* main.m */ = {isa = PBXFileReference; lastKnownFileType = sourcecode.c.objc; path = main.m; sourceTree = "<group>"; };
		2071D30B18E27DE300B3C849 /* GrassyCow-Prefix.pch */ = {isa = PBXFileReference; lastKnownFileType = sourcecode.c.h; path = "GrassyCow-Prefix.pch"; sourceTree = "<group>"; };
		2071D30C18E27DE300B3C849 /* dmkAppDelegate.h */ = {isa = PBXFileReference; lastKnownFileType = sourcecode.c.h; path = dmkAppDelegate.h; sourceTree = "<group>"; };
		2071D30D18E27DE300B3C849 /* dmkAppDelegate.m */ = {isa = PBXFileReference; lastKnownFileType = sourcecode.c.objc; path = dmkAppDelegate.m; sourceTree = "<group>"; };
		2071D31018E27DE300B3C849 /* Base */ = {isa = PBXFileReference; lastKnownFileType = file.storyboard; name = Base; path = Base.lproj/Main.storyboard; sourceTree = "<group>"; };
		2071D31218E27DE300B3C849 /* dmkViewController.h */ = {isa = PBXFileReference; lastKnownFileType = sourcecode.c.h; path = dmkViewController.h; sourceTree = "<group>"; };
		2071D31318E27DE300B3C849 /* dmkViewController.m */ = {isa = PBXFileReference; lastKnownFileType = sourcecode.c.objc; path = dmkViewController.m; sourceTree = "<group>"; };
		2071D31518E27DE300B3C849 /* dmkMyScene.h */ = {isa = PBXFileReference; lastKnownFileType = sourcecode.c.h; path = dmkMyScene.h; sourceTree = "<group>"; };
		2071D31618E27DE300B3C849 /* dmkMyScene.m */ = {isa = PBXFileReference; lastKnownFileType = sourcecode.c.objc; path = dmkMyScene.m; sourceTree = "<group>"; };
		2071D31818E27DE300B3C849 /* Spaceship.png */ = {isa = PBXFileReference; lastKnownFileType = image.png; path = Spaceship.png; sourceTree = "<group>"; };
		2071D31A18E27DE300B3C849 /* Images.xcassets */ = {isa = PBXFileReference; lastKnownFileType = folder.assetcatalog; path = Images.xcassets; sourceTree = "<group>"; };
		2071D32018E27DE300B3C849 /* GrassyCowTests.xctest */ = {isa = PBXFileReference; explicitFileType = wrapper.cfbundle; includeInIndex = 0; path = GrassyCowTests.xctest; sourceTree = BUILT_PRODUCTS_DIR; };
		2071D32118E27DE300B3C849 /* XCTest.framework */ = {isa = PBXFileReference; lastKnownFileType = wrapper.framework; name = XCTest.framework; path = Library/Frameworks/XCTest.framework; sourceTree = DEVELOPER_DIR; };
		2071D32918E27DE300B3C849 /* GrassyCowTests-Info.plist */ = {isa = PBXFileReference; lastKnownFileType = text.plist.xml; path = "GrassyCowTests-Info.plist"; sourceTree = "<group>"; };
		2071D32B18E27DE300B3C849 /* en */ = {isa = PBXFileReference; lastKnownFileType = text.plist.strings; name = en; path = en.lproj/InfoPlist.strings; sourceTree = "<group>"; };
		2071D32D18E27DE300B3C849 /* GrassyCowTests.m */ = {isa = PBXFileReference; lastKnownFileType = sourcecode.c.objc; path = GrassyCowTests.m; sourceTree = "<group>"; };
/* End PBXFileReference section */

/* Begin PBXFrameworksBuildPhase section */
		2071D2F518E27DE300B3C849 /* Frameworks */ = {
			isa = PBXFrameworksBuildPhase;
			buildActionMask = 2147483647;
			files = (
				2071D2FE18E27DE300B3C849 /* CoreGraphics.framework in Frameworks */,
				2071D30018E27DE300B3C849 /* UIKit.framework in Frameworks */,
				2071D30218E27DE300B3C849 /* SpriteKit.framework in Frameworks */,
				2071D2FC18E27DE300B3C849 /* Foundation.framework in Frameworks */,
			);
			runOnlyForDeploymentPostprocessing = 0;
		};
		2071D31D18E27DE300B3C849 /* Frameworks */ = {
			isa = PBXFrameworksBuildPhase;
			buildActionMask = 2147483647;
			files = (
				2071D32218E27DE300B3C849 /* XCTest.framework in Frameworks */,
				2071D32418E27DE300B3C849 /* UIKit.framework in Frameworks */,
				2071D32318E27DE300B3C849 /* Foundation.framework in Frameworks */,
			);
			runOnlyForDeploymentPostprocessing = 0;
		};
/* End PBXFrameworksBuildPhase section */

/* Begin PBXGroup section */
		2071D2EF18E27DE200B3C849 = {
			isa = PBXGroup;
			children = (
				2071D30318E27DE300B3C849 /* GrassyCow */,
				2071D32718E27DE300B3C849 /* GrassyCowTests */,
				2071D2FA18E27DE300B3C849 /* Frameworks */,
				2071D2F918E27DE300B3C849 /* Products */,
			);
			sourceTree = "<group>";
		};
		2071D2F918E27DE300B3C849 /* Products */ = {
			isa = PBXGroup;
			children = (
				2071D2F818E27DE300B3C849 /* GrassyCow.app */,
				2071D32018E27DE300B3C849 /* GrassyCowTests.xctest */,
			);
			name = Products;
			sourceTree = "<group>";
		};
		2071D2FA18E27DE300B3C849 /* Frameworks */ = {
			isa = PBXGroup;
			children = (
				2071D2FB18E27DE300B3C849 /* Foundation.framework */,
				2071D2FD18E27DE300B3C849 /* CoreGraphics.framework */,
				2071D2FF18E27DE300B3C849 /* UIKit.framework */,
				2071D30118E27DE300B3C849 /* SpriteKit.framework */,
				2071D32118E27DE300B3C849 /* XCTest.framework */,
			);
			name = Frameworks;
			sourceTree = "<group>";
		};
		2071D30318E27DE300B3C849 /* GrassyCow */ = {
			isa = PBXGroup;
			children = (
				2071D30C18E27DE300B3C849 /* dmkAppDelegate.h */,
				2071D30D18E27DE300B3C849 /* dmkAppDelegate.m */,
				2071D30F18E27DE300B3C849 /* Main.storyboard */,
				2071D31218E27DE300B3C849 /* dmkViewController.h */,
				2071D31318E27DE300B3C849 /* dmkViewController.m */,
				2071D31518E27DE300B3C849 /* dmkMyScene.h */,
				2071D31618E27DE300B3C849 /* dmkMyScene.m */,
				2071D31818E27DE300B3C849 /* Spaceship.png */,
				2071D31A18E27DE300B3C849 /* Images.xcassets */,
				2071D30418E27DE300B3C849 /* Supporting Files */,
			);
			path = GrassyCow;
			sourceTree = "<group>";
		};
		2071D30418E27DE300B3C849 /* Supporting Files */ = {
			isa = PBXGroup;
			children = (
				2071D30518E27DE300B3C849 /* GrassyCow-Info.plist */,
				2071D30618E27DE300B3C849 /* InfoPlist.strings */,
				2071D30918E27DE300B3C849 /* main.m */,
				2071D30B18E27DE300B3C849 /* GrassyCow-Prefix.pch */,
			);
			name = "Supporting Files";
			sourceTree = "<group>";
		};
		2071D32718E27DE300B3C849 /* GrassyCowTests */ = {
			isa = PBXGroup;
			children = (
				2071D32D18E27DE300B3C849 /* GrassyCowTests.m */,
				2071D32818E27DE300B3C849 /* Supporting Files */,
			);
			path = GrassyCowTests;
			sourceTree = "<group>";
		};
		2071D32818E27DE300B3C849 /* Supporting Files */ = {
			isa = PBXGroup;
			children = (
				2071D32918E27DE300B3C849 /* GrassyCowTests-Info.plist */,
				2071D32A18E27DE300B3C849 /* InfoPlist.strings */,
			);
			name = "Supporting Files";
			sourceTree = "<group>";
		};
/* End PBXGroup section */

/* Begin PBXNativeTarget section */
		2071D2F718E27DE300B3C849 /* GrassyCow */ = {
			isa = PBXNativeTarget;
			buildConfigurationList = 2071D33118E27DE300B3C849 /* Build configuration list for PBXNativeTarget "GrassyCow" */;
			buildPhases = (
				2071D2F418E27DE300B3C849 /* Sources */,
				2071D2F518E27DE300B3C849 /* Frameworks */,
				2071D2F618E27DE300B3C849 /* Resources */,
			);
			buildRules = (
			);
			dependencies = (
			);
			name = GrassyCow;
			productName = GrassyCow;
			productReference = 2071D2F818E27DE300B3C849 /* GrassyCow.app */;
			productType = "com.apple.product-type.application";
		};
		2071D31F18E27DE300B3C849 /* GrassyCowTests */ = {
			isa = PBXNativeTarget;
			buildConfigurationList = 2071D33418E27DE300B3C849 /* Build configuration list for PBXNativeTarget "GrassyCowTests" */;
			buildPhases = (
				2071D31C18E27DE300B3C849 /* Sources */,
				2071D31D18E27DE300B3C849 /* Frameworks */,
				2071D31E18E27DE300B3C849 /* Resources */,
			);
			buildRules = (
			);
			dependencies = (
				2071D32618E27DE300B3C849 /* PBXTargetDependency */,
			);
			name = GrassyCowTests;
			productName = GrassyCowTests;
			productReference = 2071D32018E27DE300B3C849 /* GrassyCowTests.xctest */;
			productType = "com.apple.product-type.bundle.unit-test";
		};
/* End PBXNativeTarget section */

/* Begin PBXProject section */
		2071D2F018E27DE300B3C849 /* Project object */ = {
			isa = PBXProject;
			attributes = {
				CLASSPREFIX = dmk;
				LastUpgradeCheck = 0510;
				ORGANIZATIONNAME = "Kevin Ruan";
				TargetAttributes = {
					2071D31F18E27DE300B3C849 = {
						TestTargetID = 2071D2F718E27DE300B3C849;
					};
				};
			};
			buildConfigurationList = 2071D2F318E27DE300B3C849 /* Build configuration list for PBXProject "GrassyCow" */;
			compatibilityVersion = "Xcode 3.2";
			developmentRegion = English;
			hasScannedForEncodings = 0;
			knownRegions = (
				en,
				Base,
			);
			mainGroup = 2071D2EF18E27DE200B3C849;
			productRefGroup = 2071D2F918E27DE300B3C849 /* Products */;
			projectDirPath = "";
			projectRoot = "";
			targets = (
				2071D2F718E27DE300B3C849 /* GrassyCow */,
				2071D31F18E27DE300B3C849 /* GrassyCowTests */,
			);
		};
/* End PBXProject section */

/* Begin PBXResourcesBuildPhase section */
		2071D2F618E27DE300B3C849 /* Resources */ = {
			isa = PBXResourcesBuildPhase;
			buildActionMask = 2147483647;
			files = (
				2071D30818E27DE300B3C849 /* InfoPlist.strings in Resources */,
				2071D31B18E27DE300B3C849 /* Images.xcassets in Resources */,
				2071D31918E27DE300B3C849 /* Spaceship.png in Resources */,
				2071D31118E27DE300B3C849 /* Main.storyboard in Resources */,
			);
			runOnlyForDeploymentPostprocessing = 0;
		};
		2071D31E18E27DE300B3C849 /* Resources */ = {
			isa = PBXResourcesBuildPhase;
			buildActionMask = 2147483647;
			files = (
				2071D32C18E27DE300B3C849 /* InfoPlist.strings in Resources */,
			);
			runOnlyForDeploymentPostprocessing = 0;
		};
/* End PBXResourcesBuildPhase section */

/* Begin PBXSourcesBuildPhase section */
		2071D2F418E27DE300B3C849 /* Sources */ = {
			isa = PBXSourcesBuildPhase;
			buildActionMask = 2147483647;
			files = (
				2071D31418E27DE300B3C849 /* dmkViewController.m in Sources */,
				2071D30A18E27DE300B3C849 /* main.m in Sources */,
				2071D30E18E27DE300B3C849 /* dmkAppDelegate.m in Sources */,
				2071D31718E27DE300B3C849 /* dmkMyScene.m in Sources */,
			);
			runOnlyForDeploymentPostprocessing = 0;
		};
		2071D31C18E27DE300B3C849 /* Sources */ = {
			isa = PBXSourcesBuildPhase;
			buildActionMask = 2147483647;
			files = (
				2071D32E18E27DE300B3C849 /* GrassyCowTests.m in Sources */,
			);
			runOnlyForDeploymentPostprocessing = 0;
		};
/* End PBXSourcesBuildPhase section */

/* Begin PBXTargetDependency section */
		2071D32618E27DE300B3C849 /* PBXTargetDependency */ = {
			isa = PBXTargetDependency;
			target = 2071D2F718E27DE300B3C849 /* GrassyCow */;
			targetProxy = 2071D32518E27DE300B3C849 /* PBXContainerItemProxy */;
		};
/* End PBXTargetDependency section */

/* Begin PBXVariantGroup section */
		2071D30618E27DE300B3C849 /* InfoPlist.strings */ = {
			isa = PBXVariantGroup;
			children = (
				2071D30718E27DE300B3C849 /* en */,
			);
			name = InfoPlist.strings;
			sourceTree = "<group>";
		};
		2071D30F18E27DE300B3C849 /* Main.storyboard */ = {
			isa = PBXVariantGroup;
			children = (
				2071D31018E27DE300B3C849 /* Base */,
			);
			name = Main.storyboard;
			sourceTree = "<group>";
		};
		2071D32A18E27DE300B3C849 /* InfoPlist.strings */ = {
			isa = PBXVariantGroup;
			children = (
				2071D32B18E27DE300B3C849 /* en */,
			);
			name = InfoPlist.strings;
			sourceTree = "<group>";
		};
/* End PBXVariantGroup section */

/* Begin XCBuildConfiguration section */
		2071D32F18E27DE300B3C849 /* Debug */ = {
			isa = XCBuildConfiguration;
			buildSettings = {
				ALWAYS_SEARCH_USER_PATHS = NO;
				CLANG_CXX_LANGUAGE_STANDARD = "gnu++0x";
				CLANG_CXX_LIBRARY = "libc++";
				CLANG_ENABLE_MODULES = YES;
				CLANG_ENABLE_OBJC_ARC = YES;
				CLANG_WARN_BOOL_CONVERSION = YES;
				CLANG_WARN_CONSTANT_CONVERSION = YES;
				CLANG_WARN_DIRECT_OBJC_ISA_USAGE = YES_ERROR;
				CLANG_WARN_EMPTY_BODY = YES;
				CLANG_WARN_ENUM_CONVERSION = YES;
				CLANG_WARN_INT_CONVERSION = YES;
				CLANG_WARN_OBJC_ROOT_CLASS = YES_ERROR;
				CLANG_WARN__DUPLICATE_METHOD_MATCH = YES;
				"CODE_SIGN_IDENTITY[sdk=iphoneos*]" = "iPhone Developer";
				COPY_PHASE_STRIP = NO;
				GCC_C_LANGUAGE_STANDARD = gnu99;
				GCC_DYNAMIC_NO_PIC = NO;
				GCC_OPTIMIZATION_LEVEL = 0;
				GCC_PREPROCESSOR_DEFINITIONS = (
					"DEBUG=1",
					"$(inherited)",
				);
				GCC_SYMBOLS_PRIVATE_EXTERN = NO;
				GCC_WARN_64_TO_32_BIT_CONVERSION = YES;
				GCC_WARN_ABOUT_RETURN_TYPE = YES_ERROR;
				GCC_WARN_UNDECLARED_SELECTOR = YES;
				GCC_WARN_UNINITIALIZED_AUTOS = YES_AGGRESSIVE;
				GCC_WARN_UNUSED_FUNCTION = YES;
				GCC_WARN_UNUSED_VARIABLE = YES;
				IPHONEOS_DEPLOYMENT_TARGET = 7.1;
				ONLY_ACTIVE_ARCH = YES;
				SDKROOT = iphoneos;
			};
			name = Debug;
		};
		2071D33018E27DE300B3C849 /* Release */ = {
			isa = XCBuildConfiguration;
			buildSettings = {
				ALWAYS_SEARCH_USER_PATHS = NO;
				CLANG_CXX_LANGUAGE_STANDARD = "gnu++0x";
				CLANG_CXX_LIBRARY = "libc++";
				CLANG_ENABLE_MODULES = YES;
				CLANG_ENABLE_OBJC_ARC = YES;
				CLANG_WARN_BOOL_CONVERSION = YES;
				CLANG_WARN_CONSTANT_CONVERSION = YES;
				CLANG_WARN_DIRECT_OBJC_ISA_USAGE = YES_ERROR;
				CLANG_WARN_EMPTY_BODY = YES;
				CLANG_WARN_ENUM_CONVERSION = YES;
				CLANG_WARN_INT_CONVERSION = YES;
				CLANG_WARN_OBJC_ROOT_CLASS = YES_ERROR;
				CLANG_WARN__DUPLICATE_METHOD_MATCH = YES;
				"CODE_SIGN_IDENTITY[sdk=iphoneos*]" = "iPhone Developer";
				COPY_PHASE_STRIP = YES;
				ENABLE_NS_ASSERTIONS = NO;
				GCC_C_LANGUAGE_STANDARD = gnu99;
				GCC_WARN_64_TO_32_BIT_CONVERSION = YES;
				GCC_WARN_ABOUT_RETURN_TYPE = YES_ERROR;
				GCC_WARN_UNDECLARED_SELECTOR = YES;
				GCC_WARN_UNINITIALIZED_AUTOS = YES_AGGRESSIVE;
				GCC_WARN_UNUSED_FUNCTION = YES;
				GCC_WARN_UNUSED_VARIABLE = YES;
				IPHONEOS_DEPLOYMENT_TARGET = 7.1;
				SDKROOT = iphoneos;
				VALIDATE_PRODUCT = YES;
			};
			name = Release;
		};
		2071D33218E27DE300B3C849 /* Debug */ = {
			isa = XCBuildConfiguration;
			buildSettings = {
				ASSETCATALOG_COMPILER_APPICON_NAME = AppIcon;
				ASSETCATALOG_COMPILER_LAUNCHIMAGE_NAME = LaunchImage;
				GCC_PRECOMPILE_PREFIX_HEADER = YES;
				GCC_PREFIX_HEADER = "GrassyCow/GrassyCow-Prefix.pch";
				INFOPLIST_FILE = "GrassyCow/GrassyCow-Info.plist";
				PRODUCT_NAME = "$(TARGET_NAME)";
				SPRITEKIT_TEXTURE_ATLAS_OUTPUT = YES;
				WRAPPER_EXTENSION = app;
			};
			name = Debug;
		};
		2071D33318E27DE300B3C849 /* Release */ = {
			isa = XCBuildConfiguration;
			buildSettings = {
				ASSETCATALOG_COMPILER_APPICON_NAME = AppIcon;
				ASSETCATALOG_COMPILER_LAUNCHIMAGE_NAME = LaunchImage;
				GCC_PRECOMPILE_PREFIX_HEADER = YES;
				GCC_PREFIX_HEADER = "GrassyCow/GrassyCow-Prefix.pch";
				INFOPLIST_FILE = "GrassyCow/GrassyCow-Info.plist";
				PRODUCT_NAME = "$(TARGET_NAME)";
				SPRITEKIT_TEXTURE_ATLAS_OUTPUT = YES;
				WRAPPER_EXTENSION = app;
			};
			name = Release;
		};
		2071D33518E27DE300B3C849 /* Debug */ = {
			isa = XCBuildConfiguration;
			buildSettings = {
				BUNDLE_LOADER = "$(BUILT_PRODUCTS_DIR)/GrassyCow.app/GrassyCow";
				FRAMEWORK_SEARCH_PATHS = (
					"$(SDKROOT)/Developer/Library/Frameworks",
					"$(inherited)",
					"$(DEVELOPER_FRAMEWORKS_DIR)",
				);
				GCC_PRECOMPILE_PREFIX_HEADER = YES;
				GCC_PREFIX_HEADER = "GrassyCow/GrassyCow-Prefix.pch";
				GCC_PREPROCESSOR_DEFINITIONS = (
					"DEBUG=1",
					"$(inherited)",
				);
				INFOPLIST_FILE = "GrassyCowTests/GrassyCowTests-Info.plist";
				PRODUCT_NAME = "$(TARGET_NAME)";
				TEST_HOST = "$(BUNDLE_LOADER)";
				WRAPPER_EXTENSION = xctest;
			};
			name = Debug;
		};
		2071D33618E27DE300B3C849 /* Release */ = {
			isa = XCBuildConfiguration;
			buildSettings = {
				BUNDLE_LOADER = "$(BUILT_PRODUCTS_DIR)/GrassyCow.app/GrassyCow";
				FRAMEWORK_SEARCH_PATHS = (
					"$(SDKROOT)/Developer/Library/Frameworks",
					"$(inherited)",
					"$(DEVELOPER_FRAMEWORKS_DIR)",
				);
				GCC_PRECOMPILE_PREFIX_HEADER = YES;
				GCC_PREFIX_HEADER = "GrassyCow/GrassyCow-Prefix.pch";
				INFOPLIST_FILE = "GrassyCowTests/GrassyCowTests-Info.plist";
				PRODUCT_NAME = "$(TARGET_NAME)";
				TEST_HOST = "$(BUNDLE_LOADER)";
				WRAPPER_EXTENSION = xctest;
			};
			name = Release;
		};
/* End XCBuildConfiguration section */

/* Begin XCConfigurationList section */
		2071D2F318E27DE300B3C849 /* Build configuration list for PBXProject "GrassyCow" */ = {
			isa = XCConfigurationList;
			buildConfigurations = (
				2071D32F18E27DE300B3C849 /* Debug */,
				2071D33018E27DE300B3C849 /* Release */,
			);
			defaultConfigurationIsVisible = 0;
			defaultConfigurationName = Release;
		};
		2071D33118E27DE300B3C849 /* Build configuration list for PBXNativeTarget "GrassyCow" */ = {
			isa = XCConfigurationList;
			buildConfigurations = (
				2071D33218E27DE300B3C849 /* Debug */,
				2071D33318E27DE300B3C849 /* Release */,
			);
			defaultConfigurationIsVisible = 0;
		};
		2071D33418E27DE300B3C849 /* Build configuration list for PBXNativeTarget "GrassyCowTests" */ = {
			isa = XCConfigurationList;
			buildConfigurations = (
				2071D33518E27DE300B3C849 /* Debug */,
				2071D33618E27DE300B3C849 /* Release */,
			);
			defaultConfigurationIsVisible = 0;
		};
/* End XCConfigurationList section */
	};
	rootObject = 2071D2F018E27DE300B3C849 /* Project object */;
}
