// !$*UTF8*$!
{
	archiveVersion = 1;
	classes = {
	};
	objectVersion = 46;
	objects = {

/* Begin PBXBuildFile section */
		20114C5D199C906C00416CBC /* sprites.atlas in Resources */ = {isa = PBXBuildFile; fileRef = 20114C5C199C906C00416CBC /* sprites.atlas */; };
		2011C24A1A147207001FC6D5 /* fart.sks in Resources */ = {isa = PBXBuildFile; fileRef = 2011C2481A147207001FC6D5 /* fart.sks */; };
		2011C24B1A147207001FC6D5 /* spark.png in Resources */ = {isa = PBXBuildFile; fileRef = 2011C2491A147207001FC6D5 /* spark.png */; };
		2015B3281A452DA200CD7C99 /* level2.plist in Resources */ = {isa = PBXBuildFile; fileRef = 2015B3271A452DA200CD7C99 /* level2.plist */; };
		203D5CB31A28E89D0055E78F /* dmkCreditScene.m in Sources */ = {isa = PBXBuildFile; fileRef = 203D5CB21A28E89D0055E78F /* dmkCreditScene.m */; };
		2071D34418E27EA900B3C849 /* Foundation.framework in Frameworks */ = {isa = PBXBuildFile; fileRef = 2071D34318E27EA900B3C849 /* Foundation.framework */; };
		2071D34618E27EA900B3C849 /* CoreGraphics.framework in Frameworks */ = {isa = PBXBuildFile; fileRef = 2071D34518E27EA900B3C849 /* CoreGraphics.framework */; };
		2071D34818E27EA900B3C849 /* UIKit.framework in Frameworks */ = {isa = PBXBuildFile; fileRef = 2071D34718E27EA900B3C849 /* UIKit.framework */; };
		2071D34A18E27EA900B3C849 /* SpriteKit.framework in Frameworks */ = {isa = PBXBuildFile; fileRef = 2071D34918E27EA900B3C849 /* SpriteKit.framework */; };
		2071D35018E27EA900B3C849 /* InfoPlist.strings in Resources */ = {isa = PBXBuildFile; fileRef = 2071D34E18E27EA900B3C849 /* InfoPlist.strings */; };
		2071D35218E27EA900B3C849 /* main.m in Sources */ = {isa = PBXBuildFile; fileRef = 2071D35118E27EA900B3C849 /* main.m */; };
		2071D35618E27EA900B3C849 /* dmkAppDelegate.m in Sources */ = {isa = PBXBuildFile; fileRef = 2071D35518E27EA900B3C849 /* dmkAppDelegate.m */; };
		2071D35918E27EA900B3C849 /* Main.storyboard in Resources */ = {isa = PBXBuildFile; fileRef = 2071D35718E27EA900B3C849 /* Main.storyboard */; };
		2071D35C18E27EA900B3C849 /* dmkViewController.m in Sources */ = {isa = PBXBuildFile; fileRef = 2071D35B18E27EA900B3C849 /* dmkViewController.m */; };
		2071D35F18E27EA900B3C849 /* dmkMyScene.m in Sources */ = {isa = PBXBuildFile; fileRef = 2071D35E18E27EA900B3C849 /* dmkMyScene.m */; };
		2071D36118E27EA900B3C849 /* Spaceship.png in Resources */ = {isa = PBXBuildFile; fileRef = 2071D36018E27EA900B3C849 /* Spaceship.png */; };
		2071D36318E27EA900B3C849 /* Images.xcassets in Resources */ = {isa = PBXBuildFile; fileRef = 2071D36218E27EA900B3C849 /* Images.xcassets */; };
		2071D36A18E27EA900B3C849 /* XCTest.framework in Frameworks */ = {isa = PBXBuildFile; fileRef = 2071D36918E27EA900B3C849 /* XCTest.framework */; };
		2071D36B18E27EA900B3C849 /* Foundation.framework in Frameworks */ = {isa = PBXBuildFile; fileRef = 2071D34318E27EA900B3C849 /* Foundation.framework */; };
		2071D36C18E27EA900B3C849 /* UIKit.framework in Frameworks */ = {isa = PBXBuildFile; fileRef = 2071D34718E27EA900B3C849 /* UIKit.framework */; };
		2071D37418E27EA900B3C849 /* InfoPlist.strings in Resources */ = {isa = PBXBuildFile; fileRef = 2071D37218E27EA900B3C849 /* InfoPlist.strings */; };
		2071D37618E27EA900B3C849 /* GassyCowTests.m in Sources */ = {isa = PBXBuildFile; fileRef = 2071D37518E27EA900B3C849 /* GassyCowTests.m */; };
		2071D38918E293E800B3C849 /* CoreMotion.framework in Frameworks */ = {isa = PBXBuildFile; fileRef = 2071D38818E293E800B3C849 /* CoreMotion.framework */; };
		207CCDA81908BE5800E5F67E /* SKAction+SKTExtras.m in Sources */ = {isa = PBXBuildFile; fileRef = 207CCD9F1908BE5800E5F67E /* SKAction+SKTExtras.m */; };
		207CCDA91908BE5800E5F67E /* SKEmitterNode+SKTExtras.m in Sources */ = {isa = PBXBuildFile; fileRef = 207CCDA11908BE5800E5F67E /* SKEmitterNode+SKTExtras.m */; };
		207CCDAA1908BE5800E5F67E /* SKNode+SKTExtras.m in Sources */ = {isa = PBXBuildFile; fileRef = 207CCDA31908BE5800E5F67E /* SKNode+SKTExtras.m */; };
		207CCDAB1908BE5800E5F67E /* SKTAudio.m in Sources */ = {isa = PBXBuildFile; fileRef = 207CCDA51908BE5800E5F67E /* SKTAudio.m */; };
		207CCDAC1908BE5800E5F67E /* SKTUtils.mm in Sources */ = {isa = PBXBuildFile; fileRef = 207CCDA71908BE5800E5F67E /* SKTUtils.mm */; };
		20A75523199DCD73001BA5DC /* DebugDraw.m in Sources */ = {isa = PBXBuildFile; fileRef = 20A75522199DCD73001BA5DC /* DebugDraw.m */; };
		20AE63D01A22F55800B5FE17 /* dmkMainMenuScene.m in Sources */ = {isa = PBXBuildFile; fileRef = 20AE63CF1A22F55800B5FE17 /* dmkMainMenuScene.m */; };
		20C20D0C1927B6C60076F163 /* level1.plist in Resources */ = {isa = PBXBuildFile; fileRef = 20C20D0B1927B6C60076F163 /* level1.plist */; };
		20C2A77819F4BC3600FA2B4E /* FartParticleSystem.scnp in Resources */ = {isa = PBXBuildFile; fileRef = 20C2A77619F4BC3600FA2B4E /* FartParticleSystem.scnp */; };
		20C2A77919F4BC3600FA2B4E /* smoke.png in Resources */ = {isa = PBXBuildFile; fileRef = 20C2A77719F4BC3600FA2B4E /* smoke.png */; };
		20C80D351995DB3700862E85 /* Entity.m in Sources */ = {isa = PBXBuildFile; fileRef = 20C80D341995DB3700862E85 /* Entity.m */; };
		20C80D3B1995DC2100862E85 /* Cow.m in Sources */ = {isa = PBXBuildFile; fileRef = 20C80D3A1995DC2100862E85 /* Cow.m */; };
		20C80D3E1995DC3F00862E85 /* Blocks.m in Sources */ = {isa = PBXBuildFile; fileRef = 20C80D3D1995DC3F00862E85 /* Blocks.m */; };
/* End PBXBuildFile section */

/* Begin PBXContainerItemProxy section */
		2071D36D18E27EA900B3C849 /* PBXContainerItemProxy */ = {
			isa = PBXContainerItemProxy;
			containerPortal = 2071D33818E27EA900B3C849 /* Project object */;
			proxyType = 1;
			remoteGlobalIDString = 2071D33F18E27EA900B3C849;
			remoteInfo = GassyCow;
		};
/* End PBXContainerItemProxy section */

/* Begin PBXFileReference section */
		20114C5C199C906C00416CBC /* sprites.atlas */ = {isa = PBXFileReference; lastKnownFileType = folder.skatlas; path = sprites.atlas; sourceTree = "<group>"; };
		2011C2481A147207001FC6D5 /* fart.sks */ = {isa = PBXFileReference; lastKnownFileType = file.sks; path = fart.sks; sourceTree = "<group>"; };
		2011C2491A147207001FC6D5 /* spark.png */ = {isa = PBXFileReference; lastKnownFileType = image.png; path = spark.png; sourceTree = "<group>"; };
		2015B3271A452DA200CD7C99 /* level2.plist */ = {isa = PBXFileReference; fileEncoding = 4; lastKnownFileType = text.plist.xml; path = level2.plist; sourceTree = "<group>"; };
		203D5CB11A28E89D0055E78F /* dmkCreditScene.h */ = {isa = PBXFileReference; fileEncoding = 4; lastKnownFileType = sourcecode.c.h; path = dmkCreditScene.h; sourceTree = "<group>"; };
		203D5CB21A28E89D0055E78F /* dmkCreditScene.m */ = {isa = PBXFileReference; fileEncoding = 4; lastKnownFileType = sourcecode.c.objc; path = dmkCreditScene.m; sourceTree = "<group>"; };
		2071D34018E27EA900B3C849 /* GassyCow.app */ = {isa = PBXFileReference; explicitFileType = wrapper.application; includeInIndex = 0; path = GassyCow.app; sourceTree = BUILT_PRODUCTS_DIR; };
		2071D34318E27EA900B3C849 /* Foundation.framework */ = {isa = PBXFileReference; lastKnownFileType = wrapper.framework; name = Foundation.framework; path = System/Library/Frameworks/Foundation.framework; sourceTree = SDKROOT; };
		2071D34518E27EA900B3C849 /* CoreGraphics.framework */ = {isa = PBXFileReference; lastKnownFileType = wrapper.framework; name = CoreGraphics.framework; path = System/Library/Frameworks/CoreGraphics.framework; sourceTree = SDKROOT; };
		2071D34718E27EA900B3C849 /* UIKit.framework */ = {isa = PBXFileReference; lastKnownFileType = wrapper.framework; name = UIKit.framework; path = System/Library/Frameworks/UIKit.framework; sourceTree = SDKROOT; };
		2071D34918E27EA900B3C849 /* SpriteKit.framework */ = {isa = PBXFileReference; lastKnownFileType = wrapper.framework; name = SpriteKit.framework; path = System/Library/Frameworks/SpriteKit.framework; sourceTree = SDKROOT; };
		2071D34D18E27EA900B3C849 /* GassyCow-Info.plist */ = {isa = PBXFileReference; lastKnownFileType = text.plist.xml; path = "GassyCow-Info.plist"; sourceTree = "<group>"; };
		2071D34F18E27EA900B3C849 /* en */ = {isa = PBXFileReference; lastKnownFileType = text.plist.strings; name = en; path = en.lproj/InfoPlist.strings; sourceTree = "<group>"; };
		2071D35118E27EA900B3C849 /* main.m */ = {isa = PBXFileReference; lastKnownFileType = sourcecode.c.objc; path = main.m; sourceTree = "<group>"; };
		2071D35318E27EA900B3C849 /* GassyCow-Prefix.pch */ = {isa = PBXFileReference; lastKnownFileType = sourcecode.c.h; path = "GassyCow-Prefix.pch"; sourceTree = "<group>"; };
		2071D35418E27EA900B3C849 /* dmkAppDelegate.h */ = {isa = PBXFileReference; lastKnownFileType = sourcecode.c.h; path = dmkAppDelegate.h; sourceTree = "<group>"; };
		2071D35518E27EA900B3C849 /* dmkAppDelegate.m */ = {isa = PBXFileReference; lastKnownFileType = sourcecode.c.objc; path = dmkAppDelegate.m; sourceTree = "<group>"; };
		2071D35818E27EA900B3C849 /* Base */ = {isa = PBXFileReference; lastKnownFileType = file.storyboard; name = Base; path = Base.lproj/Main.storyboard; sourceTree = "<group>"; };
		2071D35A18E27EA900B3C849 /* dmkViewController.h */ = {isa = PBXFileReference; lastKnownFileType = sourcecode.c.h; path = dmkViewController.h; sourceTree = "<group>"; };
		2071D35B18E27EA900B3C849 /* dmkViewController.m */ = {isa = PBXFileReference; lastKnownFileType = sourcecode.c.objc; path = dmkViewController.m; sourceTree = "<group>"; };
		2071D35D18E27EA900B3C849 /* dmkMyScene.h */ = {isa = PBXFileReference; lastKnownFileType = sourcecode.c.h; path = dmkMyScene.h; sourceTree = "<group>"; };
		2071D35E18E27EA900B3C849 /* dmkMyScene.m */ = {isa = PBXFileReference; lastKnownFileType = sourcecode.c.objc; path = dmkMyScene.m; sourceTree = "<group>"; };
		2071D36018E27EA900B3C849 /* Spaceship.png */ = {isa = PBXFileReference; lastKnownFileType = image.png; path = Spaceship.png; sourceTree = "<group>"; };
		2071D36218E27EA900B3C849 /* Images.xcassets */ = {isa = PBXFileReference; lastKnownFileType = folder.assetcatalog; path = Images.xcassets; sourceTree = "<group>"; };
		2071D36818E27EA900B3C849 /* GassyCowTests.xctest */ = {isa = PBXFileReference; explicitFileType = wrapper.cfbundle; includeInIndex = 0; path = GassyCowTests.xctest; sourceTree = BUILT_PRODUCTS_DIR; };
		2071D36918E27EA900B3C849 /* XCTest.framework */ = {isa = PBXFileReference; lastKnownFileType = wrapper.framework; name = XCTest.framework; path = Library/Frameworks/XCTest.framework; sourceTree = DEVELOPER_DIR; };
		2071D37118E27EA900B3C849 /* GassyCowTests-Info.plist */ = {isa = PBXFileReference; lastKnownFileType = text.plist.xml; path = "GassyCowTests-Info.plist"; sourceTree = "<group>"; };
		2071D37318E27EA900B3C849 /* en */ = {isa = PBXFileReference; lastKnownFileType = text.plist.strings; name = en; path = en.lproj/InfoPlist.strings; sourceTree = "<group>"; };
		2071D37518E27EA900B3C849 /* GassyCowTests.m */ = {isa = PBXFileReference; lastKnownFileType = sourcecode.c.objc; path = GassyCowTests.m; sourceTree = "<group>"; };
		2071D38818E293E800B3C849 /* CoreMotion.framework */ = {isa = PBXFileReference; lastKnownFileType = wrapper.framework; name = CoreMotion.framework; path = System/Library/Frameworks/CoreMotion.framework; sourceTree = SDKROOT; };
		207CCD9E1908BE5800E5F67E /* SKAction+SKTExtras.h */ = {isa = PBXFileReference; fileEncoding = 4; lastKnownFileType = sourcecode.c.h; path = "SKAction+SKTExtras.h"; sourceTree = "<group>"; };
		207CCD9F1908BE5800E5F67E /* SKAction+SKTExtras.m */ = {isa = PBXFileReference; fileEncoding = 4; lastKnownFileType = sourcecode.c.objc; path = "SKAction+SKTExtras.m"; sourceTree = "<group>"; };
		207CCDA01908BE5800E5F67E /* SKEmitterNode+SKTExtras.h */ = {isa = PBXFileReference; fileEncoding = 4; lastKnownFileType = sourcecode.c.h; path = "SKEmitterNode+SKTExtras.h"; sourceTree = "<group>"; };
		207CCDA11908BE5800E5F67E /* SKEmitterNode+SKTExtras.m */ = {isa = PBXFileReference; fileEncoding = 4; lastKnownFileType = sourcecode.c.objc; path = "SKEmitterNode+SKTExtras.m"; sourceTree = "<group>"; };
		207CCDA21908BE5800E5F67E /* SKNode+SKTExtras.h */ = {isa = PBXFileReference; fileEncoding = 4; lastKnownFileType = sourcecode.c.h; path = "SKNode+SKTExtras.h"; sourceTree = "<group>"; };
		207CCDA31908BE5800E5F67E /* SKNode+SKTExtras.m */ = {isa = PBXFileReference; fileEncoding = 4; lastKnownFileType = sourcecode.c.objc; path = "SKNode+SKTExtras.m"; sourceTree = "<group>"; };
		207CCDA41908BE5800E5F67E /* SKTAudio.h */ = {isa = PBXFileReference; fileEncoding = 4; lastKnownFileType = sourcecode.c.h; path = SKTAudio.h; sourceTree = "<group>"; };
		207CCDA51908BE5800E5F67E /* SKTAudio.m */ = {isa = PBXFileReference; fileEncoding = 4; lastKnownFileType = sourcecode.c.objc; path = SKTAudio.m; sourceTree = "<group>"; };
		207CCDA61908BE5800E5F67E /* SKTUtils.h */ = {isa = PBXFileReference; fileEncoding = 4; lastKnownFileType = sourcecode.c.h; path = SKTUtils.h; sourceTree = "<group>"; };
		207CCDA71908BE5800E5F67E /* SKTUtils.mm */ = {isa = PBXFileReference; fileEncoding = 4; lastKnownFileType = sourcecode.cpp.objcpp; path = SKTUtils.mm; sourceTree = "<group>"; };
		20A75521199DCD73001BA5DC /* DebugDraw.h */ = {isa = PBXFileReference; fileEncoding = 4; lastKnownFileType = sourcecode.c.h; path = DebugDraw.h; sourceTree = "<group>"; };
		20A75522199DCD73001BA5DC /* DebugDraw.m */ = {isa = PBXFileReference; fileEncoding = 4; lastKnownFileType = sourcecode.c.objc; path = DebugDraw.m; sourceTree = "<group>"; };
		20AE63CE1A22F55800B5FE17 /* dmkMainMenuScene.h */ = {isa = PBXFileReference; fileEncoding = 4; lastKnownFileType = sourcecode.c.h; path = dmkMainMenuScene.h; sourceTree = "<group>"; };
		20AE63CF1A22F55800B5FE17 /* dmkMainMenuScene.m */ = {isa = PBXFileReference; fileEncoding = 4; lastKnownFileType = sourcecode.c.objc; path = dmkMainMenuScene.m; sourceTree = "<group>"; };
		20C20D0B1927B6C60076F163 /* level1.plist */ = {isa = PBXFileReference; fileEncoding = 4; lastKnownFileType = text.plist.xml; path = level1.plist; sourceTree = "<group>"; };
		20C2A77619F4BC3600FA2B4E /* FartParticleSystem.scnp */ = {isa = PBXFileReference; lastKnownFileType = file.scp; path = FartParticleSystem.scnp; sourceTree = "<group>"; };
		20C2A77719F4BC3600FA2B4E /* smoke.png */ = {isa = PBXFileReference; lastKnownFileType = image.png; path = smoke.png; sourceTree = "<group>"; };
		20C80D331995DB3700862E85 /* Entity.h */ = {isa = PBXFileReference; fileEncoding = 4; lastKnownFileType = sourcecode.c.h; path = Entity.h; sourceTree = "<group>"; };
		20C80D341995DB3700862E85 /* Entity.m */ = {isa = PBXFileReference; fileEncoding = 4; lastKnownFileType = sourcecode.c.objc; path = Entity.m; sourceTree = "<group>"; };
		20C80D391995DC2100862E85 /* Cow.h */ = {isa = PBXFileReference; fileEncoding = 4; lastKnownFileType = sourcecode.c.h; path = Cow.h; sourceTree = "<group>"; };
		20C80D3A1995DC2100862E85 /* Cow.m */ = {isa = PBXFileReference; fileEncoding = 4; lastKnownFileType = sourcecode.c.objc; path = Cow.m; sourceTree = "<group>"; };
		20C80D3C1995DC3F00862E85 /* Blocks.h */ = {isa = PBXFileReference; fileEncoding = 4; lastKnownFileType = sourcecode.c.h; path = Blocks.h; sourceTree = "<group>"; };
		20C80D3D1995DC3F00862E85 /* Blocks.m */ = {isa = PBXFileReference; fileEncoding = 4; lastKnownFileType = sourcecode.c.objc; path = Blocks.m; sourceTree = "<group>"; };
/* End PBXFileReference section */

/* Begin PBXFrameworksBuildPhase section */
		2071D33D18E27EA900B3C849 /* Frameworks */ = {
			isa = PBXFrameworksBuildPhase;
			buildActionMask = 2147483647;
			files = (
				2071D38918E293E800B3C849 /* CoreMotion.framework in Frameworks */,
				2071D34618E27EA900B3C849 /* CoreGraphics.framework in Frameworks */,
				2071D34818E27EA900B3C849 /* UIKit.framework in Frameworks */,
				2071D34A18E27EA900B3C849 /* SpriteKit.framework in Frameworks */,
				2071D34418E27EA900B3C849 /* Foundation.framework in Frameworks */,
			);
			runOnlyForDeploymentPostprocessing = 0;
		};
		2071D36518E27EA900B3C849 /* Frameworks */ = {
			isa = PBXFrameworksBuildPhase;
			buildActionMask = 2147483647;
			files = (
				2071D36A18E27EA900B3C849 /* XCTest.framework in Frameworks */,
				2071D36C18E27EA900B3C849 /* UIKit.framework in Frameworks */,
				2071D36B18E27EA900B3C849 /* Foundation.framework in Frameworks */,
			);
			runOnlyForDeploymentPostprocessing = 0;
		};
/* End PBXFrameworksBuildPhase section */

/* Begin PBXGroup section */
		2011C2471A1471BF001FC6D5 /* Particles */ = {
			isa = PBXGroup;
			children = (
				20C2A77619F4BC3600FA2B4E /* FartParticleSystem.scnp */,
				2011C2491A147207001FC6D5 /* spark.png */,
				2011C2481A147207001FC6D5 /* fart.sks */,
			);
			name = Particles;
			sourceTree = "<group>";
		};
		2071D33718E27EA900B3C849 = {
			isa = PBXGroup;
			children = (
				2071D34B18E27EA900B3C849 /* GassyCow */,
				2071D36F18E27EA900B3C849 /* GassyCowTests */,
				2071D34218E27EA900B3C849 /* Frameworks */,
				2071D34118E27EA900B3C849 /* Products */,
			);
			sourceTree = "<group>";
		};
		2071D34118E27EA900B3C849 /* Products */ = {
			isa = PBXGroup;
			children = (
				2071D34018E27EA900B3C849 /* GassyCow.app */,
				2071D36818E27EA900B3C849 /* GassyCowTests.xctest */,
			);
			name = Products;
			sourceTree = "<group>";
		};
		2071D34218E27EA900B3C849 /* Frameworks */ = {
			isa = PBXGroup;
			children = (
				2071D38818E293E800B3C849 /* CoreMotion.framework */,
				2071D34318E27EA900B3C849 /* Foundation.framework */,
				2071D34518E27EA900B3C849 /* CoreGraphics.framework */,
				2071D34718E27EA900B3C849 /* UIKit.framework */,
				2071D34918E27EA900B3C849 /* SpriteKit.framework */,
				2071D36918E27EA900B3C849 /* XCTest.framework */,
			);
			name = Frameworks;
			sourceTree = "<group>";
		};
		2071D34B18E27EA900B3C849 /* GassyCow */ = {
			isa = PBXGroup;
			children = (
				2011C2471A1471BF001FC6D5 /* Particles */,
				20C80D321995DAE800862E85 /* Entities */,
				207CCD9D1908BE5800E5F67E /* SKTUtils */,
				2071D37F18E27FCE00B3C849 /* Art */,
				2071D35418E27EA900B3C849 /* dmkAppDelegate.h */,
				2071D35518E27EA900B3C849 /* dmkAppDelegate.m */,
				2071D35718E27EA900B3C849 /* Main.storyboard */,
				2071D35A18E27EA900B3C849 /* dmkViewController.h */,
				2071D35B18E27EA900B3C849 /* dmkViewController.m */,
				2071D35D18E27EA900B3C849 /* dmkMyScene.h */,
				2071D35E18E27EA900B3C849 /* dmkMyScene.m */,
				20C2A77719F4BC3600FA2B4E /* smoke.png */,
				2071D36018E27EA900B3C849 /* Spaceship.png */,
				2071D36218E27EA900B3C849 /* Images.xcassets */,
				2071D34C18E27EA900B3C849 /* Supporting Files */,
				20A75521199DCD73001BA5DC /* DebugDraw.h */,
				20A75522199DCD73001BA5DC /* DebugDraw.m */,
				20AE63CE1A22F55800B5FE17 /* dmkMainMenuScene.h */,
				20AE63CF1A22F55800B5FE17 /* dmkMainMenuScene.m */,
				203D5CB11A28E89D0055E78F /* dmkCreditScene.h */,
				203D5CB21A28E89D0055E78F /* dmkCreditScene.m */,
			);
			path = GassyCow;
			sourceTree = "<group>";
		};
		2071D34C18E27EA900B3C849 /* Supporting Files */ = {
			isa = PBXGroup;
			children = (
				2071D34D18E27EA900B3C849 /* GassyCow-Info.plist */,
				2071D34E18E27EA900B3C849 /* InfoPlist.strings */,
				2071D35118E27EA900B3C849 /* main.m */,
				2071D35318E27EA900B3C849 /* GassyCow-Prefix.pch */,
			);
			name = "Supporting Files";
			sourceTree = "<group>";
		};
		2071D36F18E27EA900B3C849 /* GassyCowTests */ = {
			isa = PBXGroup;
			children = (
				2071D37518E27EA900B3C849 /* GassyCowTests.m */,
				2071D37018E27EA900B3C849 /* Supporting Files */,
			);
			path = GassyCowTests;
			sourceTree = "<group>";
		};
		2071D37018E27EA900B3C849 /* Supporting Files */ = {
			isa = PBXGroup;
			children = (
				2071D37118E27EA900B3C849 /* GassyCowTests-Info.plist */,
				2071D37218E27EA900B3C849 /* InfoPlist.strings */,
			);
			name = "Supporting Files";
			sourceTree = "<group>";
		};
		2071D37F18E27FCE00B3C849 /* Art */ = {
			isa = PBXGroup;
			children = (
				20114C5C199C906C00416CBC /* sprites.atlas */,
				20C20D0A1927B6990076F163 /* Levels */,
			);
			path = Art;
			sourceTree = "<group>";
		};
		207CCD9D1908BE5800E5F67E /* SKTUtils */ = {
			isa = PBXGroup;
			children = (
				207CCD9E1908BE5800E5F67E /* SKAction+SKTExtras.h */,
				207CCD9F1908BE5800E5F67E /* SKAction+SKTExtras.m */,
				207CCDA01908BE5800E5F67E /* SKEmitterNode+SKTExtras.h */,
				207CCDA11908BE5800E5F67E /* SKEmitterNode+SKTExtras.m */,
				207CCDA21908BE5800E5F67E /* SKNode+SKTExtras.h */,
				207CCDA31908BE5800E5F67E /* SKNode+SKTExtras.m */,
				207CCDA41908BE5800E5F67E /* SKTAudio.h */,
				207CCDA51908BE5800E5F67E /* SKTAudio.m */,
				207CCDA61908BE5800E5F67E /* SKTUtils.h */,
				207CCDA71908BE5800E5F67E /* SKTUtils.mm */,
			);
			path = SKTUtils;
			sourceTree = "<group>";
		};
		20C20D0A1927B6990076F163 /* Levels */ = {
			isa = PBXGroup;
			children = (
				20C20D0B1927B6C60076F163 /* level1.plist */,
				2015B3271A452DA200CD7C99 /* level2.plist */,
			);
			name = Levels;
			sourceTree = "<group>";
		};
		20C80D321995DAE800862E85 /* Entities */ = {
			isa = PBXGroup;
			children = (
				20C80D331995DB3700862E85 /* Entity.h */,
				20C80D341995DB3700862E85 /* Entity.m */,
				20C80D391995DC2100862E85 /* Cow.h */,
				20C80D3A1995DC2100862E85 /* Cow.m */,
				20C80D3C1995DC3F00862E85 /* Blocks.h */,
				20C80D3D1995DC3F00862E85 /* Blocks.m */,
			);
			name = Entities;
			sourceTree = "<group>";
		};
/* End PBXGroup section */

/* Begin PBXNativeTarget section */
		2071D33F18E27EA900B3C849 /* GassyCow */ = {
			isa = PBXNativeTarget;
			buildConfigurationList = 2071D37918E27EA900B3C849 /* Build configuration list for PBXNativeTarget "GassyCow" */;
			buildPhases = (
				2071D33C18E27EA900B3C849 /* Sources */,
				2071D33D18E27EA900B3C849 /* Frameworks */,
				2071D33E18E27EA900B3C849 /* Resources */,
			);
			buildRules = (
			);
			dependencies = (
			);
			name = GassyCow;
			productName = GassyCow;
			productReference = 2071D34018E27EA900B3C849 /* GassyCow.app */;
			productType = "com.apple.product-type.application";
		};
		2071D36718E27EA900B3C849 /* GassyCowTests */ = {
			isa = PBXNativeTarget;
			buildConfigurationList = 2071D37C18E27EA900B3C849 /* Build configuration list for PBXNativeTarget "GassyCowTests" */;
			buildPhases = (
				2071D36418E27EA900B3C849 /* Sources */,
				2071D36518E27EA900B3C849 /* Frameworks */,
				2071D36618E27EA900B3C849 /* Resources */,
			);
			buildRules = (
			);
			dependencies = (
				2071D36E18E27EA900B3C849 /* PBXTargetDependency */,
			);
			name = GassyCowTests;
			productName = GassyCowTests;
			productReference = 2071D36818E27EA900B3C849 /* GassyCowTests.xctest */;
			productType = "com.apple.product-type.bundle.unit-test";
		};
/* End PBXNativeTarget section */

/* Begin PBXProject section */
		2071D33818E27EA900B3C849 /* Project object */ = {
			isa = PBXProject;
			attributes = {
				CLASSPREFIX = dmk;
				LastUpgradeCheck = 0510;
				ORGANIZATIONNAME = "Kevin Ruan";
				TargetAttributes = {
					2071D33F18E27EA900B3C849 = {
						DevelopmentTeam = XX6M8XBL77;
					};
					2071D36718E27EA900B3C849 = {
						TestTargetID = 2071D33F18E27EA900B3C849;
					};
				};
			};
			buildConfigurationList = 2071D33B18E27EA900B3C849 /* Build configuration list for PBXProject "GassyCow" */;
			compatibilityVersion = "Xcode 3.2";
			developmentRegion = English;
			hasScannedForEncodings = 0;
			knownRegions = (
				en,
				Base,
			);
			mainGroup = 2071D33718E27EA900B3C849;
			productRefGroup = 2071D34118E27EA900B3C849 /* Products */;
			projectDirPath = "";
			projectRoot = "";
			targets = (
				2071D33F18E27EA900B3C849 /* GassyCow */,
				2071D36718E27EA900B3C849 /* GassyCowTests */,
			);
		};
/* End PBXProject section */

/* Begin PBXResourcesBuildPhase section */
		2071D33E18E27EA900B3C849 /* Resources */ = {
			isa = PBXResourcesBuildPhase;
			buildActionMask = 2147483647;
			files = (
				20114C5D199C906C00416CBC /* sprites.atlas in Resources */,
				2071D35018E27EA900B3C849 /* InfoPlist.strings in Resources */,
				2011C24A1A147207001FC6D5 /* fart.sks in Resources */,
				2071D36318E27EA900B3C849 /* Images.xcassets in Resources */,
				20C2A77919F4BC3600FA2B4E /* smoke.png in Resources */,
				2011C24B1A147207001FC6D5 /* spark.png in Resources */,
				20C20D0C1927B6C60076F163 /* level1.plist in Resources */,
				2071D36118E27EA900B3C849 /* Spaceship.png in Resources */,
				20C2A77819F4BC3600FA2B4E /* FartParticleSystem.scnp in Resources */,
				2015B3281A452DA200CD7C99 /* level2.plist in Resources */,
				2071D35918E27EA900B3C849 /* Main.storyboard in Resources */,
			);
			runOnlyForDeploymentPostprocessing = 0;
		};
		2071D36618E27EA900B3C849 /* Resources */ = {
			isa = PBXResourcesBuildPhase;
			buildActionMask = 2147483647;
			files = (
				2071D37418E27EA900B3C849 /* InfoPlist.strings in Resources */,
			);
			runOnlyForDeploymentPostprocessing = 0;
		};
/* End PBXResourcesBuildPhase section */

/* Begin PBXSourcesBuildPhase section */
		2071D33C18E27EA900B3C849 /* Sources */ = {
			isa = PBXSourcesBuildPhase;
			buildActionMask = 2147483647;
			files = (
				20C80D3B1995DC2100862E85 /* Cow.m in Sources */,
				20C80D351995DB3700862E85 /* Entity.m in Sources */,
				2071D35C18E27EA900B3C849 /* dmkViewController.m in Sources */,
				207CCDAB1908BE5800E5F67E /* SKTAudio.m in Sources */,
				2071D35218E27EA900B3C849 /* main.m in Sources */,
				20AE63D01A22F55800B5FE17 /* dmkMainMenuScene.m in Sources */,
				20C80D3E1995DC3F00862E85 /* Blocks.m in Sources */,
				203D5CB31A28E89D0055E78F /* dmkCreditScene.m in Sources */,
				207CCDA91908BE5800E5F67E /* SKEmitterNode+SKTExtras.m in Sources */,
				207CCDAC1908BE5800E5F67E /* SKTUtils.mm in Sources */,
				207CCDA81908BE5800E5F67E /* SKAction+SKTExtras.m in Sources */,
				2071D35618E27EA900B3C849 /* dmkAppDelegate.m in Sources */,
				207CCDAA1908BE5800E5F67E /* SKNode+SKTExtras.m in Sources */,
				2071D35F18E27EA900B3C849 /* dmkMyScene.m in Sources */,
				20A75523199DCD73001BA5DC /* DebugDraw.m in Sources */,
			);
			runOnlyForDeploymentPostprocessing = 0;
		};
		2071D36418E27EA900B3C849 /* Sources */ = {
			isa = PBXSourcesBuildPhase;
			buildActionMask = 2147483647;
			files = (
				2071D37618E27EA900B3C849 /* GassyCowTests.m in Sources */,
			);
			runOnlyForDeploymentPostprocessing = 0;
		};
/* End PBXSourcesBuildPhase section */

/* Begin PBXTargetDependency section */
		2071D36E18E27EA900B3C849 /* PBXTargetDependency */ = {
			isa = PBXTargetDependency;
			target = 2071D33F18E27EA900B3C849 /* GassyCow */;
			targetProxy = 2071D36D18E27EA900B3C849 /* PBXContainerItemProxy */;
		};
/* End PBXTargetDependency section */

/* Begin PBXVariantGroup section */
		2071D34E18E27EA900B3C849 /* InfoPlist.strings */ = {
			isa = PBXVariantGroup;
			children = (
				2071D34F18E27EA900B3C849 /* en */,
			);
			name = InfoPlist.strings;
			sourceTree = "<group>";
		};
		2071D35718E27EA900B3C849 /* Main.storyboard */ = {
			isa = PBXVariantGroup;
			children = (
				2071D35818E27EA900B3C849 /* Base */,
			);
			name = Main.storyboard;
			sourceTree = "<group>";
		};
		2071D37218E27EA900B3C849 /* InfoPlist.strings */ = {
			isa = PBXVariantGroup;
			children = (
				2071D37318E27EA900B3C849 /* en */,
			);
			name = InfoPlist.strings;
			sourceTree = "<group>";
		};
/* End PBXVariantGroup section */

/* Begin XCBuildConfiguration section */
		2071D37718E27EA900B3C849 /* Debug */ = {
			isa = XCBuildConfiguration;
			buildSettings = {
				ALWAYS_SEARCH_USER_PATHS = NO;
				CLANG_CXX_LANGUAGE_STANDARD = "gnu++0x";
				CLANG_CXX_LIBRARY = "libc++";
				CLANG_ENABLE_MODULES = YES;
				CLANG_ENABLE_OBJC_ARC = YES;
				CLANG_WARN_BOOL_CONVERSION = YES;
				CLANG_WARN_CONSTANT_CONVERSION = YES;
				CLANG_WARN_DIRECT_OBJC_ISA_USAGE = YES_ERROR;
				CLANG_WARN_EMPTY_BODY = YES;
				CLANG_WARN_ENUM_CONVERSION = YES;
				CLANG_WARN_INT_CONVERSION = YES;
				CLANG_WARN_OBJC_ROOT_CLASS = YES_ERROR;
				CLANG_WARN__DUPLICATE_METHOD_MATCH = YES;
				"CODE_SIGN_IDENTITY[sdk=iphoneos*]" = "iPhone Developer";
				COPY_PHASE_STRIP = NO;
				GCC_C_LANGUAGE_STANDARD = gnu99;
				GCC_DYNAMIC_NO_PIC = NO;
				GCC_OPTIMIZATION_LEVEL = 0;
				GCC_PREPROCESSOR_DEFINITIONS = (
					"DEBUG=1",
					"$(inherited)",
				);
				GCC_SYMBOLS_PRIVATE_EXTERN = NO;
				GCC_WARN_64_TO_32_BIT_CONVERSION = YES;
				GCC_WARN_ABOUT_RETURN_TYPE = YES_ERROR;
				GCC_WARN_UNDECLARED_SELECTOR = YES;
				GCC_WARN_UNINITIALIZED_AUTOS = YES_AGGRESSIVE;
				GCC_WARN_UNUSED_FUNCTION = YES;
				GCC_WARN_UNUSED_VARIABLE = YES;
				IPHONEOS_DEPLOYMENT_TARGET = 7.1;
				ONLY_ACTIVE_ARCH = YES;
				SDKROOT = iphoneos;
				SPRITEKIT_TEXTURE_ATLAS_OUTPUT = YES;
			};
			name = Debug;
		};
		2071D37818E27EA900B3C849 /* Release */ = {
			isa = XCBuildConfiguration;
			buildSettings = {
				ALWAYS_SEARCH_USER_PATHS = NO;
				CLANG_CXX_LANGUAGE_STANDARD = "gnu++0x";
				CLANG_CXX_LIBRARY = "libc++";
				CLANG_ENABLE_MODULES = YES;
				CLANG_ENABLE_OBJC_ARC = YES;
				CLANG_WARN_BOOL_CONVERSION = YES;
				CLANG_WARN_CONSTANT_CONVERSION = YES;
				CLANG_WARN_DIRECT_OBJC_ISA_USAGE = YES_ERROR;
				CLANG_WARN_EMPTY_BODY = YES;
				CLANG_WARN_ENUM_CONVERSION = YES;
				CLANG_WARN_INT_CONVERSION = YES;
				CLANG_WARN_OBJC_ROOT_CLASS = YES_ERROR;
				CLANG_WARN__DUPLICATE_METHOD_MATCH = YES;
				"CODE_SIGN_IDENTITY[sdk=iphoneos*]" = "iPhone Developer";
				COPY_PHASE_STRIP = YES;
				ENABLE_NS_ASSERTIONS = NO;
				GCC_C_LANGUAGE_STANDARD = gnu99;
				GCC_WARN_64_TO_32_BIT_CONVERSION = YES;
				GCC_WARN_ABOUT_RETURN_TYPE = YES_ERROR;
				GCC_WARN_UNDECLARED_SELECTOR = YES;
				GCC_WARN_UNINITIALIZED_AUTOS = YES_AGGRESSIVE;
				GCC_WARN_UNUSED_FUNCTION = YES;
				GCC_WARN_UNUSED_VARIABLE = YES;
				IPHONEOS_DEPLOYMENT_TARGET = 7.1;
				SDKROOT = iphoneos;
				SPRITEKIT_TEXTURE_ATLAS_OUTPUT = YES;
				VALIDATE_PRODUCT = YES;
			};
			name = Release;
		};
		2071D37A18E27EA900B3C849 /* Debug */ = {
			isa = XCBuildConfiguration;
			buildSettings = {
				ASSETCATALOG_COMPILER_APPICON_NAME = AppIcon;
				ASSETCATALOG_COMPILER_LAUNCHIMAGE_NAME = LaunchImage;
				CODE_SIGN_IDENTITY = "iPhone Developer";
				"CODE_SIGN_IDENTITY[sdk=iphoneos*]" = "iPhone Developer";
				GCC_PRECOMPILE_PREFIX_HEADER = YES;
				GCC_PREFIX_HEADER = "GassyCow/GassyCow-Prefix.pch";
				INFOPLIST_FILE = "GassyCow/GassyCow-Info.plist";
				PRODUCT_NAME = "$(TARGET_NAME)";
				PROVISIONING_PROFILE = "";
				SPRITEKIT_TEXTURE_ATLAS_OUTPUT = YES;
				WRAPPER_EXTENSION = app;
			};
			name = Debug;
		};
		2071D37B18E27EA900B3C849 /* Release */ = {
			isa = XCBuildConfiguration;
			buildSettings = {
				ASSETCATALOG_COMPILER_APPICON_NAME = AppIcon;
				ASSETCATALOG_COMPILER_LAUNCHIMAGE_NAME = LaunchImage;
				CODE_SIGN_IDENTITY = "iPhone Developer";
				"CODE_SIGN_IDENTITY[sdk=iphoneos*]" = "iPhone Developer";
				GCC_PRECOMPILE_PREFIX_HEADER = YES;
				GCC_PREFIX_HEADER = "GassyCow/GassyCow-Prefix.pch";
				INFOPLIST_FILE = "GassyCow/GassyCow-Info.plist";
				PRODUCT_NAME = "$(TARGET_NAME)";
				PROVISIONING_PROFILE = "";
				SPRITEKIT_TEXTURE_ATLAS_OUTPUT = YES;
				WRAPPER_EXTENSION = app;
			};
			name = Release;
		};
		2071D37D18E27EA900B3C849 /* Debug */ = {
			isa = XCBuildConfiguration;
			buildSettings = {
				BUNDLE_LOADER = "$(BUILT_PRODUCTS_DIR)/GassyCow.app/GassyCow";
				FRAMEWORK_SEARCH_PATHS = (
					"$(SDKROOT)/Developer/Library/Frameworks",
					"$(inherited)",
					"$(DEVELOPER_FRAMEWORKS_DIR)",
				);
				GCC_PRECOMPILE_PREFIX_HEADER = YES;
				GCC_PREFIX_HEADER = "GassyCow/GassyCow-Prefix.pch";
				GCC_PREPROCESSOR_DEFINITIONS = (
					"DEBUG=1",
					"$(inherited)",
				);
				INFOPLIST_FILE = "GassyCowTests/GassyCowTests-Info.plist";
				PRODUCT_NAME = "$(TARGET_NAME)";
				TEST_HOST = "$(BUNDLE_LOADER)";
				WRAPPER_EXTENSION = xctest;
			};
			name = Debug;
		};
		2071D37E18E27EA900B3C849 /* Release */ = {
			isa = XCBuildConfiguration;
			buildSettings = {
				BUNDLE_LOADER = "$(BUILT_PRODUCTS_DIR)/GassyCow.app/GassyCow";
				FRAMEWORK_SEARCH_PATHS = (
					"$(SDKROOT)/Developer/Library/Frameworks",
					"$(inherited)",
					"$(DEVELOPER_FRAMEWORKS_DIR)",
				);
				GCC_PRECOMPILE_PREFIX_HEADER = YES;
				GCC_PREFIX_HEADER = "GassyCow/GassyCow-Prefix.pch";
				INFOPLIST_FILE = "GassyCowTests/GassyCowTests-Info.plist";
				PRODUCT_NAME = "$(TARGET_NAME)";
				TEST_HOST = "$(BUNDLE_LOADER)";
				WRAPPER_EXTENSION = xctest;
			};
			name = Release;
		};
/* End XCBuildConfiguration section */

/* Begin XCConfigurationList section */
		2071D33B18E27EA900B3C849 /* Build configuration list for PBXProject "GassyCow" */ = {
			isa = XCConfigurationList;
			buildConfigurations = (
				2071D37718E27EA900B3C849 /* Debug */,
				2071D37818E27EA900B3C849 /* Release */,
			);
			defaultConfigurationIsVisible = 0;
			defaultConfigurationName = Release;
		};
		2071D37918E27EA900B3C849 /* Build configuration list for PBXNativeTarget "GassyCow" */ = {
			isa = XCConfigurationList;
			buildConfigurations = (
				2071D37A18E27EA900B3C849 /* Debug */,
				2071D37B18E27EA900B3C849 /* Release */,
			);
			defaultConfigurationIsVisible = 0;
			defaultConfigurationName = Release;
		};
		2071D37C18E27EA900B3C849 /* Build configuration list for PBXNativeTarget "GassyCowTests" */ = {
			isa = XCConfigurationList;
			buildConfigurations = (
				2071D37D18E27EA900B3C849 /* Debug */,
				2071D37E18E27EA900B3C849 /* Release */,
			);
			defaultConfigurationIsVisible = 0;
			defaultConfigurationName = Release;
		};
/* End XCConfigurationList section */
	};
	rootObject = 2071D33818E27EA900B3C849 /* Project object */;
}
